
Microsoft Visual Studio Solution File, Format Version 12.00
# Visual Studio Version 17
VisualStudioVersion = 17.12.35527.113
MinimumVisualStudioVersion = 10.0.40219.1
Project("{2150E333-8FDC-42A3-9474-1A3956D46DE8}") = "src", "src", "{7F79C26C-66CA-468D-A0F7-C7EF84EB6F48}"
EndProject
Project("{2150E333-8FDC-42A3-9474-1A3956D46DE8}") = "Api", "Api", "{E46E9545-E532-428A-A5F7-B31BB34EA724}"
EndProject
Project("{2150E333-8FDC-42A3-9474-1A3956D46DE8}") = "Clients", "Clients", "{CE00DA06-DA3B-42B5-9A97-08EDCAF93F34}"
EndProject
Project("{2150E333-8FDC-42A3-9474-1A3956D46DE8}") = "Common", "Common", "{AF47F959-79BB-4480-95D9-4F9D235F6080}"
EndProject
Project("{2150E333-8FDC-42A3-9474-1A3956D46DE8}") = "Projections", "Projections", "{2597CB41-8B81-45E5-80FD-5B2518F397B4}"
EndProject
Project("{2150E333-8FDC-42A3-9474-1A3956D46DE8}") = "Core", "Core", "{E459AB15-DF13-44BC-ADA7-114A8AC40A83}"
EndProject
Project("{2150E333-8FDC-42A3-9474-1A3956D46DE8}") = "Infrastructure", "Infrastructure", "{AECEE27A-8A73-4E55-9DFC-5E083F817311}"
EndProject
Project("{2150E333-8FDC-42A3-9474-1A3956D46DE8}") = "WebApi", "WebApi", "{9C5F2355-FE99-4540-BA60-1AA66112BEB7}"
EndProject
Project("{2150E333-8FDC-42A3-9474-1A3956D46DE8}") = "BlazorWeb", "BlazorWeb", "{EBB538E9-CBFB-45BD-B53F-4DF482E37D9F}"
EndProject
Project("{FAE04EC0-301F-11D3-BF4B-00C04F79EFBC}") = "BlazorSozluk.Common", "src\Common\BlazorSozluk.Common\BlazorSozluk.Common.csproj", "{A7C7BA38-8EB5-4B3B-8C94-D0295ED2E0F7}"
EndProject
Project("{FAE04EC0-301F-11D3-BF4B-00C04F79EFBC}") = "BlazorSozluk.Api.Domain", "src\Api\Core\BlazorSozluk.Api.Domain\BlazorSozluk.Api.Domain.csproj", "{17FF2BD2-2D74-4DEC-8A04-D13CC30EF0B7}"
EndProject
Project("{FAE04EC0-301F-11D3-BF4B-00C04F79EFBC}") = "BlazorSozluk.Api.Application", "src\Api\Core\BlazorSozluk.Api.Application\BlazorSozluk.Api.Application.csproj", "{F2A41777-B0A4-44A2-9464-8211CB2BFEA1}"
EndProject
Project("{FAE04EC0-301F-11D3-BF4B-00C04F79EFBC}") = "BlazorSozluk.Infrastructure.Persistence", "src\Api\Infrastructure\BlazorSozluk.Infrastructure.Persistence\BlazorSozluk.Infrastructure.Persistence.csproj", "{6A1F75CD-D409-47A5-99F8-D3554CEFA895}"
EndProject
Project("{FAE04EC0-301F-11D3-BF4B-00C04F79EFBC}") = "BlazorSozluk.Api.WebApi", "src\Api\WebApi\BlazorSozluk.Api.WebApi\BlazorSozluk.Api.WebApi.csproj", "{2D045A5B-20C0-4F87-B394-10528473E1E3}"
EndProject
Project("{FAE04EC0-301F-11D3-BF4B-00C04F79EFBC}") = "BlazorSozluk.Projections.FavoriteService", "src\Projections\BlazorSozluk.Projections.FavoriteService\BlazorSozluk.Projections.FavoriteService.csproj", "{ED4D790B-7ACE-4286-84F3-0669A4FCD68A}"
EndProject
Project("{FAE04EC0-301F-11D3-BF4B-00C04F79EFBC}") = "BlazorSozluk.Projections.UserService", "src\Projections\BlazorSozluk.Projections.User\BlazorSozluk.Projections.UserService.csproj", "{92283761-9AC2-4A79-A9E9-ACAD297AA168}"
EndProject
Project("{FAE04EC0-301F-11D3-BF4B-00C04F79EFBC}") = "BlazorSozluk.Projections.VoteService", "src\Projections\BlazorSozluk.Projections.VoteService\BlazorSozluk.Projections.VoteService.csproj", "{A966444D-9BE4-434F-83A4-DCFFAC3202D9}"
EndProject
Project("{FAE04EC0-301F-11D3-BF4B-00C04F79EFBC}") = "BlazorSozluk.WebApp", "src\Clients\BlazorWeb\BlazorSozluk.WebApp\BlazorSozluk.WebApp.csproj", "{B376E78F-25A2-45F3-8712-59C39253BEB3}"
EndProject
Global
	GlobalSection(SolutionConfigurationPlatforms) = preSolution
		Debug|Any CPU = Debug|Any CPU
		Release|Any CPU = Release|Any CPU
	EndGlobalSection
	GlobalSection(ProjectConfigurationPlatforms) = postSolution
		{A7C7BA38-8EB5-4B3B-8C94-D0295ED2E0F7}.Debug|Any CPU.ActiveCfg = Debug|Any CPU
		{A7C7BA38-8EB5-4B3B-8C94-D0295ED2E0F7}.Debug|Any CPU.Build.0 = Debug|Any CPU
		{A7C7BA38-8EB5-4B3B-8C94-D0295ED2E0F7}.Release|Any CPU.ActiveCfg = Release|Any CPU
		{A7C7BA38-8EB5-4B3B-8C94-D0295ED2E0F7}.Release|Any CPU.Build.0 = Release|Any CPU
		{17FF2BD2-2D74-4DEC-8A04-D13CC30EF0B7}.Debug|Any CPU.ActiveCfg = Debug|Any CPU
		{17FF2BD2-2D74-4DEC-8A04-D13CC30EF0B7}.Debug|Any CPU.Build.0 = Debug|Any CPU
		{17FF2BD2-2D74-4DEC-8A04-D13CC30EF0B7}.Release|Any CPU.ActiveCfg = Release|Any CPU
		{17FF2BD2-2D74-4DEC-8A04-D13CC30EF0B7}.Release|Any CPU.Build.0 = Release|Any CPU
		{F2A41777-B0A4-44A2-9464-8211CB2BFEA1}.Debug|Any CPU.ActiveCfg = Debug|Any CPU
		{F2A41777-B0A4-44A2-9464-8211CB2BFEA1}.Debug|Any CPU.Build.0 = Debug|Any CPU
		{F2A41777-B0A4-44A2-9464-8211CB2BFEA1}.Release|Any CPU.ActiveCfg = Release|Any CPU
		{F2A41777-B0A4-44A2-9464-8211CB2BFEA1}.Release|Any CPU.Build.0 = Release|Any CPU
		{6A1F75CD-D409-47A5-99F8-D3554CEFA895}.Debug|Any CPU.ActiveCfg = Debug|Any CPU
		{6A1F75CD-D409-47A5-99F8-D3554CEFA895}.Debug|Any CPU.Build.0 = Debug|Any CPU
		{6A1F75CD-D409-47A5-99F8-D3554CEFA895}.Release|Any CPU.ActiveCfg = Release|Any CPU
		{6A1F75CD-D409-47A5-99F8-D3554CEFA895}.Release|Any CPU.Build.0 = Release|Any CPU
		{2D045A5B-20C0-4F87-B394-10528473E1E3}.Debug|Any CPU.ActiveCfg = Debug|Any CPU
		{2D045A5B-20C0-4F87-B394-10528473E1E3}.Debug|Any CPU.Build.0 = Debug|Any CPU
		{2D045A5B-20C0-4F87-B394-10528473E1E3}.Release|Any CPU.ActiveCfg = Release|Any CPU
		{2D045A5B-20C0-4F87-B394-10528473E1E3}.Release|Any CPU.Build.0 = Release|Any CPU
		{ED4D790B-7ACE-4286-84F3-0669A4FCD68A}.Debug|Any CPU.ActiveCfg = Debug|Any CPU
		{ED4D790B-7ACE-4286-84F3-0669A4FCD68A}.Debug|Any CPU.Build.0 = Debug|Any CPU
		{ED4D790B-7ACE-4286-84F3-0669A4FCD68A}.Release|Any CPU.ActiveCfg = Release|Any CPU
		{ED4D790B-7ACE-4286-84F3-0669A4FCD68A}.Release|Any CPU.Build.0 = Release|Any CPU
		{92283761-9AC2-4A79-A9E9-ACAD297AA168}.Debug|Any CPU.ActiveCfg = Debug|Any CPU
		{92283761-9AC2-4A79-A9E9-ACAD297AA168}.Debug|Any CPU.Build.0 = Debug|Any CPU
		{92283761-9AC2-4A79-A9E9-ACAD297AA168}.Release|Any CPU.ActiveCfg = Release|Any CPU
		{92283761-9AC2-4A79-A9E9-ACAD297AA168}.Release|Any CPU.Build.0 = Release|Any CPU
		{A966444D-9BE4-434F-83A4-DCFFAC3202D9}.Debug|Any CPU.ActiveCfg = Debug|Any CPU
		{A966444D-9BE4-434F-83A4-DCFFAC3202D9}.Debug|Any CPU.Build.0 = Debug|Any CPU
		{A966444D-9BE4-434F-83A4-DCFFAC3202D9}.Release|Any CPU.ActiveCfg = Release|Any CPU
		{A966444D-9BE4-434F-83A4-DCFFAC3202D9}.Release|Any CPU.Build.0 = Release|Any CPU
		{B376E78F-25A2-45F3-8712-59C39253BEB3}.Debug|Any CPU.ActiveCfg = Debug|Any CPU
		{B376E78F-25A2-45F3-8712-59C39253BEB3}.Debug|Any CPU.Build.0 = Debug|Any CPU
		{B376E78F-25A2-45F3-8712-59C39253BEB3}.Release|Any CPU.ActiveCfg = Release|Any CPU
		{B376E78F-25A2-45F3-8712-59C39253BEB3}.Release|Any CPU.Build.0 = Release|Any CPU
	EndGlobalSection
	GlobalSection(SolutionProperties) = preSolution
		HideSolutionNode = FALSE
	EndGlobalSection
	GlobalSection(NestedProjects) = preSolution
		{E46E9545-E532-428A-A5F7-B31BB34EA724} = {7F79C26C-66CA-468D-A0F7-C7EF84EB6F48}
		{CE00DA06-DA3B-42B5-9A97-08EDCAF93F34} = {7F79C26C-66CA-468D-A0F7-C7EF84EB6F48}
		{AF47F959-79BB-4480-95D9-4F9D235F6080} = {7F79C26C-66CA-468D-A0F7-C7EF84EB6F48}
		{2597CB41-8B81-45E5-80FD-5B2518F397B4} = {7F79C26C-66CA-468D-A0F7-C7EF84EB6F48}
		{E459AB15-DF13-44BC-ADA7-114A8AC40A83} = {E46E9545-E532-428A-A5F7-B31BB34EA724}
		{AECEE27A-8A73-4E55-9DFC-5E083F817311} = {E46E9545-E532-428A-A5F7-B31BB34EA724}
		{9C5F2355-FE99-4540-BA60-1AA66112BEB7} = {E46E9545-E532-428A-A5F7-B31BB34EA724}
		{EBB538E9-CBFB-45BD-B53F-4DF482E37D9F} = {CE00DA06-DA3B-42B5-9A97-08EDCAF93F34}
		{A7C7BA38-8EB5-4B3B-8C94-D0295ED2E0F7} = {AF47F959-79BB-4480-95D9-4F9D235F6080}
		{17FF2BD2-2D74-4DEC-8A04-D13CC30EF0B7} = {E459AB15-DF13-44BC-ADA7-114A8AC40A83}
		{F2A41777-B0A4-44A2-9464-8211CB2BFEA1} = {E459AB15-DF13-44BC-ADA7-114A8AC40A83}
		{6A1F75CD-D409-47A5-99F8-D3554CEFA895} = {AECEE27A-8A73-4E55-9DFC-5E083F817311}
		{2D045A5B-20C0-4F87-B394-10528473E1E3} = {9C5F2355-FE99-4540-BA60-1AA66112BEB7}
		{ED4D790B-7ACE-4286-84F3-0669A4FCD68A} = {2597CB41-8B81-45E5-80FD-5B2518F397B4}
		{92283761-9AC2-4A79-A9E9-ACAD297AA168} = {2597CB41-8B81-45E5-80FD-5B2518F397B4}
		{A966444D-9BE4-434F-83A4-DCFFAC3202D9} = {2597CB41-8B81-45E5-80FD-5B2518F397B4}
		{B376E78F-25A2-45F3-8712-59C39253BEB3} = {EBB538E9-CBFB-45BD-B53F-4DF482E37D9F}
	EndGlobalSection
EndGlobal
